// !$*UTF8*$!
{
	archiveVersion = 1;
	classes = {
	};
	objectVersion = 46;
	objects = {

/* Begin PBXBuildFile section */
		2ED777871DB2657C0037361B /* AppDelegate.swift in Sources */ = {isa = PBXBuildFile; fileRef = 2ED777861DB2657C0037361B /* AppDelegate.swift */; };
		2ED777891DB2657C0037361B /* ViewController.swift in Sources */ = {isa = PBXBuildFile; fileRef = 2ED777881DB2657C0037361B /* ViewController.swift */; };
		2ED7778C1DB2657C0037361B /* Main.storyboard in Resources */ = {isa = PBXBuildFile; fileRef = 2ED7778A1DB2657C0037361B /* Main.storyboard */; };
		2ED7778E1DB2657C0037361B /* Assets.xcassets in Resources */ = {isa = PBXBuildFile; fileRef = 2ED7778D1DB2657C0037361B /* Assets.xcassets */; };
		2ED777911DB2657C0037361B /* LaunchScreen.storyboard in Resources */ = {isa = PBXBuildFile; fileRef = 2ED7778F1DB2657C0037361B /* LaunchScreen.storyboard */; };
/* End PBXBuildFile section */

/* Begin PBXFileReference section */
		2ED777831DB2657C0037361B /* KetoCalculator.app */ = {isa = PBXFileReference; explicitFileType = wrapper.application; includeInIndex = 0; path = KetoCalculator.app; sourceTree = BUILT_PRODUCTS_DIR; };
		2ED777861DB2657C0037361B /* AppDelegate.swift */ = {isa = PBXFileReference; lastKnownFileType = sourcecode.swift; path = AppDelegate.swift; sourceTree = "<group>"; };
		2ED777881DB2657C0037361B /* ViewController.swift */ = {isa = PBXFileReference; lastKnownFileType = sourcecode.swift; path = ViewController.swift; sourceTree = "<group>"; };
		2ED7778B1DB2657C0037361B /* Base */ = {isa = PBXFileReference; lastKnownFileType = file.storyboard; name = Base; path = Base.lproj/Main.storyboard; sourceTree = "<group>"; };
		2ED7778D1DB2657C0037361B /* Assets.xcassets */ = {isa = PBXFileReference; lastKnownFileType = folder.assetcatalog; path = Assets.xcassets; sourceTree = "<group>"; };
		2ED777901DB2657C0037361B /* Base */ = {isa = PBXFileReference; lastKnownFileType = file.storyboard; name = Base; path = Base.lproj/LaunchScreen.storyboard; sourceTree = "<group>"; };
		2ED777921DB2657C0037361B /* Info.plist */ = {isa = PBXFileReference; lastKnownFileType = text.plist.xml; path = Info.plist; sourceTree = "<group>"; };
/* End PBXFileReference section */

/* Begin PBXFrameworksBuildPhase section */
		2ED777801DB2657C0037361B /* Frameworks */ = {
			isa = PBXFrameworksBuildPhase;
			buildActionMask = 2147483647;
			files = (
			);
			runOnlyForDeploymentPostprocessing = 0;
		};
/* End PBXFrameworksBuildPhase section */

/* Begin PBXGroup section */
		2ED7777A1DB2657B0037361B = {
			isa = PBXGroup;
			children = (
				2ED777851DB2657C0037361B /* KetoCalculator */,
				2ED777841DB2657C0037361B /* Products */,
			);
			sourceTree = "<group>";
		};
		2ED777841DB2657C0037361B /* Products */ = {
			isa = PBXGroup;
			children = (
				2ED777831DB2657C0037361B /* KetoCalculator.app */,
			);
			name = Products;
			sourceTree = "<group>";
		};
		2ED777851DB2657C0037361B /* KetoCalculator */ = {
			isa = PBXGroup;
			children = (
				2ED777861DB2657C0037361B /* AppDelegate.swift */,
				2ED777881DB2657C0037361B /* ViewController.swift */,
				2ED7778A1DB2657C0037361B /* Main.storyboard */,
				2ED7778D1DB2657C0037361B /* Assets.xcassets */,
				2ED7778F1DB2657C0037361B /* LaunchScreen.storyboard */,
				2ED777921DB2657C0037361B /* Info.plist */,
			);
			path = KetoCalculator;
			sourceTree = "<group>";
		};
/* End PBXGroup section */

/* Begin PBXNativeTarget section */
		2ED777821DB2657C0037361B /* KetoCalculator */ = {
			isa = PBXNativeTarget;
			buildConfigurationList = 2ED777951DB2657C0037361B /* Build configuration list for PBXNativeTarget "KetoCalculator" */;
			buildPhases = (
				2ED7777F1DB2657C0037361B /* Sources */,
				2ED777801DB2657C0037361B /* Frameworks */,
				2ED777811DB2657C0037361B /* Resources */,
			);
			buildRules = (
			);
			dependencies = (
			);
			name = KetoCalculator;
			productName = KetoCalculator;
			productReference = 2ED777831DB2657C0037361B /* KetoCalculator.app */;
			productType = "com.apple.product-type.application";
		};
/* End PBXNativeTarget section */

/* Begin PBXProject section */
		2ED7777B1DB2657B0037361B /* Project object */ = {
			isa = PBXProject;
			attributes = {
				LastSwiftUpdateCheck = 0800;
				LastUpgradeCheck = 0800;
				ORGANIZATIONNAME = "Hemanta Sapkota";
				TargetAttributes = {
					2ED777821DB2657C0037361B = {
						CreatedOnToolsVersion = 8.0;
						ProvisioningStyle = Automatic;
					};
				};
			};
			buildConfigurationList = 2ED7777E1DB2657B0037361B /* Build configuration list for PBXProject "KetoCalculator" */;
			compatibilityVersion = "Xcode 3.2";
			developmentRegion = English;
			hasScannedForEncodings = 0;
			knownRegions = (
				en,
				Base,
			);
			mainGroup = 2ED7777A1DB2657B0037361B;
			productRefGroup = 2ED777841DB2657C0037361B /* Products */;
			projectDirPath = "";
			projectRoot = "";
			targets = (
				2ED777821DB2657C0037361B /* KetoCalculator */,
			);
		};
/* End PBXProject section */

/* Begin PBXResourcesBuildPhase section */
		2ED777811DB2657C0037361B /* Resources */ = {
			isa = PBXResourcesBuildPhase;
			buildActionMask = 2147483647;
			files = (
				2ED777911DB2657C0037361B /* LaunchScreen.storyboard in Resources */,
				2ED7778E1DB2657C0037361B /* Assets.xcassets in Resources */,
				2ED7778C1DB2657C0037361B /* Main.storyboard in Resources */,
			);
			runOnlyForDeploymentPostprocessing = 0;
		};
/* End PBXResourcesBuildPhase section */

/* Begin PBXSourcesBuildPhase section */
		2ED7777F1DB2657C0037361B /* Sources */ = {
			isa = PBXSourcesBuildPhase;
			buildActionMask = 2147483647;
			files = (
				2ED777891DB2657C0037361B /* ViewController.swift in Sources */,
				2ED777871DB2657C0037361B /* AppDelegate.swift in Sources */,
			);
			runOnlyForDeploymentPostprocessing = 0;
		};
/* End PBXSourcesBuildPhase section */

/* Begin PBXVariantGroup section */
		2ED7778A1DB2657C0037361B /* Main.storyboard */ = {
			isa = PBXVariantGroup;
			children = (
				2ED7778B1DB2657C0037361B /* Base */,
			);
			name = Main.storyboard;
			sourceTree = "<group>";
		};
		2ED7778F1DB2657C0037361B /* LaunchScreen.storyboard */ = {
			isa = PBXVariantGroup;
			children = (
				2ED777901DB2657C0037361B /* Base */,
			);
			name = LaunchScreen.storyboard;
			sourceTree = "<group>";
		};
/* End PBXVariantGroup section */

/* Begin XCBuildConfiguration section */
		2ED777931DB2657C0037361B /* Debug */ = {
			isa = XCBuildConfiguration;
			buildSettings = {
				ALWAYS_SEARCH_USER_PATHS = NO;
				CLANG_ANALYZER_NONNULL = YES;
				CLANG_CXX_LANGUAGE_STANDARD = "gnu++0x";
				CLANG_CXX_LIBRARY = "libc++";
				CLANG_ENABLE_MODULES = YES;
				CLANG_ENABLE_OBJC_ARC = YES;
				CLANG_WARN_BOOL_CONVERSION = YES;
				CLANG_WARN_CONSTANT_CONVERSION = YES;
				CLANG_WARN_DIRECT_OBJC_ISA_USAGE = YES_ERROR;
				CLANG_WARN_DOCUMENTATION_COMMENTS = YES;
				CLANG_WARN_EMPTY_BODY = YES;
				CLANG_WARN_ENUM_CONVERSION = YES;
				CLANG_WARN_INFINITE_RECURSION = YES;
				CLANG_WARN_INT_CONVERSION = YES;
				CLANG_WARN_OBJC_ROOT_CLASS = YES_ERROR;
				CLANG_WARN_SUSPICIOUS_MOVES = YES;
				CLANG_WARN_UNREACHABLE_CODE = YES;
				CLANG_WARN__DUPLICATE_METHOD_MATCH = YES;
				"CODE_SIGN_IDENTITY[sdk=iphoneos*]" = "iPhone Developer";
				COPY_PHASE_STRIP = NO;
				DEBUG_INFORMATION_FORMAT = dwarf;
				ENABLE_STRICT_OBJC_MSGSEND = YES;
				ENABLE_TESTABILITY = YES;
				GCC_C_LANGUAGE_STANDARD = gnu99;
				GCC_DYNAMIC_NO_PIC = NO;
				GCC_NO_COMMON_BLOCKS = YES;
				GCC_OPTIMIZATION_LEVEL = 0;
				GCC_PREPROCESSOR_DEFINITIONS = (
					"DEBUG=1",
					"$(inherited)",
				);
				GCC_WARN_64_TO_32_BIT_CONVERSION = YES;
				GCC_WARN_ABOUT_RETURN_TYPE = YES_ERROR;
				GCC_WARN_UNDECLARED_SELECTOR = YES;
				GCC_WARN_UNINITIALIZED_AUTOS = YES_AGGRESSIVE;
				GCC_WARN_UNUSED_FUNCTION = YES;
				GCC_WARN_UNUSED_VARIABLE = YES;
				IPHONEOS_DEPLOYMENT_TARGET = 10.0;
				MTL_ENABLE_DEBUG_INFO = YES;
				ONLY_ACTIVE_ARCH = YES;
				SDKROOT = iphoneos;
				SWIFT_ACTIVE_COMPILATION_CONDITIONS = DEBUG;
				SWIFT_OPTIMIZATION_LEVEL = "-Onone";
				TARGETED_DEVICE_FAMILY = "1,2";
			};
			name = Debug;
		};
		2ED777941DB2657C0037361B /* Release */ = {
			isa = XCBuildConfiguration;
			buildSettings = {
				ALWAYS_SEARCH_USER_PATHS = NO;
				CLANG_ANALYZER_NONNULL = YES;
				CLANG_CXX_LANGUAGE_STANDARD = "gnu++0x";
				CLANG_CXX_LIBRARY = "libc++";
				CLANG_ENABLE_MODULES = YES;
				CLANG_ENABLE_OBJC_ARC = YES;
				CLANG_WARN_BOOL_CONVERSION = YES;
				CLANG_WARN_CONSTANT_CONVERSION = YES;
				CLANG_WARN_DIRECT_OBJC_ISA_USAGE = YES_ERROR;
				CLANG_WARN_DOCUMENTATION_COMMENTS = YES;
				CLANG_WARN_EMPTY_BODY = YES;
				CLANG_WARN_ENUM_CONVERSION = YES;
				CLANG_WARN_INFINITE_RECURSION = YES;
				CLANG_WARN_INT_CONVERSION = YES;
				CLANG_WARN_OBJC_ROOT_CLASS = YES_ERROR;
				CLANG_WARN_SUSPICIOUS_MOVES = YES;
				CLANG_WARN_UNREACHABLE_CODE = YES;
				CLANG_WARN__DUPLICATE_METHOD_MATCH = YES;
				"CODE_SIGN_IDENTITY[sdk=iphoneos*]" = "iPhone Developer";
				COPY_PHASE_STRIP = NO;
				DEBUG_INFORMATION_FORMAT = "dwarf-with-dsym";
				ENABLE_NS_ASSERTIONS = NO;
				ENABLE_STRICT_OBJC_MSGSEND = YES;
				GCC_C_LANGUAGE_STANDARD = gnu99;
				GCC_NO_COMMON_BLOCKS = YES;
				GCC_WARN_64_TO_32_BIT_CONVERSION = YES;
				GCC_WARN_ABOUT_RETURN_TYPE = YES_ERROR;
				GCC_WARN_UNDECLARED_SELECTOR = YES;
				GCC_WARN_UNINITIALIZED_AUTOS = YES_AGGRESSIVE;
				GCC_WARN_UNUSED_FUNCTION = YES;
				GCC_WARN_UNUSED_VARIABLE = YES;
				IPHONEOS_DEPLOYMENT_TARGET = 10.0;
				MTL_ENABLE_DEBUG_INFO = NO;
				SDKROOT = iphoneos;
				SWIFT_OPTIMIZATION_LEVEL = "-Owholemodule";
				TARGETED_DEVICE_FAMILY = "1,2";
				VALIDATE_PRODUCT = YES;
			};
			name = Release;
		};
		2ED777961DB2657C0037361B /* Debug */ = {
			isa = XCBuildConfiguration;
			buildSettings = {
				ASSETCATALOG_COMPILER_APPICON_NAME = AppIcon;
				INFOPLIST_FILE = KetoCalculator/Info.plist;
				LD_RUNPATH_SEARCH_PATHS = "$(inherited) @executable_path/Frameworks";
				PRODUCT_BUNDLE_IDENTIFIER = com.laex.KetoCalculator;
				PRODUCT_NAME = "$(TARGET_NAME)";
				SWIFT_VERSION = 3.0;
			};
			name = Debug;
		};
		2ED777971DB2657C0037361B /* Release */ = {
			isa = XCBuildConfiguration;
			buildSettings = {
				ASSETCATALOG_COMPILER_APPICON_NAME = AppIcon;
				INFOPLIST_FILE = KetoCalculator/Info.plist;
				LD_RUNPATH_SEARCH_PATHS = "$(inherited) @executable_path/Frameworks";
				PRODUCT_BUNDLE_IDENTIFIER = com.laex.KetoCalculator;
				PRODUCT_NAME = "$(TARGET_NAME)";
				SWIFT_VERSION = 3.0;
			};
			name = Release;
		};
/* End XCBuildConfiguration section */

/* Begin XCConfigurationList section */
		2ED7777E1DB2657B0037361B /* Build configuration list for PBXProject "KetoCalculator" */ = {
			isa = XCConfigurationList;
			buildConfigurations = (
				2ED777931DB2657C0037361B /* Debug */,
				2ED777941DB2657C0037361B /* Release */,
			);
			defaultConfigurationIsVisible = 0;
			defaultConfigurationName = Release;
		};
		2ED777951DB2657C0037361B /* Build configuration list for PBXNativeTarget "KetoCalculator" */ = {
			isa = XCConfigurationList;
			buildConfigurations = (
				2ED777961DB2657C0037361B /* Debug */,
				2ED777971DB2657C0037361B /* Release */,
			);
			defaultConfigurationIsVisible = 0;
		};
/* End XCConfigurationList section */
	};
	rootObject = 2ED7777B1DB2657B0037361B /* Project object */;
}
